
Microsoft Visual Studio Solution File, Format Version 12.00
# Visual Studio Version 16
VisualStudioVersion = 16.0.31424.327
MinimumVisualStudioVersion = 10.0.40219.1
Project("{FAE04EC0-301F-11D3-BF4B-00C04F79EFBC}") = "CoreWinFormsApp", "CoreWinFormsApp.csproj", "{543B6DFA-19A2-4C13-BFAB-4AEC1D2BB5A9}"
EndProject
Global
	GlobalSection(SolutionConfigurationPlatforms) = preSolution
		Debug|Any CPU = Debug|Any CPU
		Release|Any CPU = Release|Any CPU
	EndGlobalSection
	GlobalSection(ProjectConfigurationPlatforms) = postSolution
		{543B6DFA-19A2-4C13-BFAB-4AEC1D2BB5A9}.Debug|Any CPU.ActiveCfg = Debug|Any CPU
		{543B6DFA-19A2-4C13-BFAB-4AEC1D2BB5A9}.Debug|Any CPU.Build.0 = Debug|Any CPU
		{543B6DFA-19A2-4C13-BFAB-4AEC1D2BB5A9}.Release|Any CPU.ActiveCfg = Release|Any CPU
		{543B6DFA-19A2-4C13-BFAB-4AEC1D2BB5A9}.Release|Any CPU.Build.0 = Release|Any CPU
	EndGlobalSection
	GlobalSection(SolutionProperties) = preSolution
		HideSolutionNode = FALSE
	EndGlobalSection
	GlobalSection(ExtensibilityGlobals) = postSolution
		SolutionGuid = {BD6C38C8-D106-43A3-8387-56C77CF2358E}
	EndGlobalSection
EndGlobal
